
Microsoft Visual Studio Solution File, Format Version 12.00
# Visual Studio Version 16
VisualStudioVersion = 16.0.31624.102
MinimumVisualStudioVersion = 10.0.40219.1
Project("{FAE04EC0-301F-11D3-BF4B-00C04F79EFBC}") = "ThreadSort", "ThreadSort.csproj", "{92595B0C-D690-48C1-8AA3-1208DEDB1FFD}"
EndProject
Global
	GlobalSection(SolutionConfigurationPlatforms) = preSolution
		Debug|Any CPU = Debug|Any CPU
		Release|Any CPU = Release|Any CPU
	EndGlobalSection
	GlobalSection(ProjectConfigurationPlatforms) = postSolution
		{92595B0C-D690-48C1-8AA3-1208DEDB1FFD}.Debug|Any CPU.ActiveCfg = Debug|Any CPU
		{92595B0C-D690-48C1-8AA3-1208DEDB1FFD}.Debug|Any CPU.Build.0 = Debug|Any CPU
		{92595B0C-D690-48C1-8AA3-1208DEDB1FFD}.Release|Any CPU.ActiveCfg = Release|Any CPU
		{92595B0C-D690-48C1-8AA3-1208DEDB1FFD}.Release|Any CPU.Build.0 = Release|Any CPU
	EndGlobalSection
	GlobalSection(SolutionProperties) = preSolution
		HideSolutionNode = FALSE
	EndGlobalSection
	GlobalSection(ExtensibilityGlobals) = postSolution
		SolutionGuid = {DC5A84CE-2303-40C2-8F24-340815409DF7}
	EndGlobalSection
EndGlobal
